{
  "originHash" : "53af4b803917c3317538efdcafc169d6415eec0e420e24480b7c7a03a948b4de",
  "pins" : [
    {
      "identity" : "androidkit",
      "kind" : "remoteSourceControl",
      "location" : "https://github.com/moreSwift/AndroidKit",
      "state" : {
        "revision" : "d5142b5a9b90fa940be54a2a41d7fd5842f21111",
        "version" : "0.8.1"
      }
    },
    {
      "identity" : "jpeg",
      "kind" : "remoteSourceControl",
      "location" : "https://github.com/stackotter/jpeg",
      "state" : {
        "revision" : "a27e47f49479993b2541bc5f5c95d9354ed567a0",
        "version" : "1.0.2"
      }
    },
    {
      "identity" : "libpng",
      "kind" : "remoteSourceControl",
      "location" : "https://github.com/the-swift-collective/libpng",
      "state" : {
        "revision" : "0eff23aca92a086b7892831f5cb4f58e15be9449",
        "version" : "1.6.45"
      }
    },
    {
      "identity" : "libwebp",
      "kind" : "remoteSourceControl",
      "location" : "https://github.com/the-swift-collective/libwebp",
      "state" : {
        "revision" : "5f745a17b9a5c2a4283f17c2cde4517610ab5f99",
        "version" : "1.4.1"
      }
    },
    {
      "identity" : "swift-android-native",
      "kind" : "remoteSourceControl",
      "location" : "https://github.com/swift-android-sdk/swift-android-native.git",
      "state" : {
        "revision" : "5f71c1584b3cbe3842d335ebb4d7b545205d9945",
        "version" : "2.1.0"
      }
    },
    {
      "identity" : "swift-argument-parser",
      "kind" : "remoteSourceControl",
      "location" : "https://github.com/apple/swift-argument-parser",
      "state" : {
        "revision" : "6a52f3251125d74daf04fcbd5e6f08a75d074382",
        "version" : "1.8.2"
      }
    },
    {
      "identity" : "swift-collections",
      "kind" : "remoteSourceControl",
      "location" : "https://github.com/apple/swift-collections",
      "state" : {
        "revision" : "a0cb0954ecb21e4e31b0070e6ed5674e8556685a",
        "version" : "1.6.0"
      }
    },
    {
      "identity" : "swift-cross-ui",
      "kind" : "remoteSourceControl",
      "location" : "https://github.com/moreSwift/swift-cross-ui",
      "state" : {
        "revision" : "355284163826c717e6754de0d9fe2677bd001d18",
        "version" : "0.7.0"
      }
    },
    {
      "identity" : "swift-image-formats",
      "kind" : "remoteSourceControl",
      "location" : "https://github.com/stackotter/swift-image-formats",
      "state" : {
        "revision" : "d735e0ed3d4a4aed50f4042494e7c769b5b70229",
        "version" : "0.5.0"
      }
    },
    {
      "identity" : "swift-java",
      "kind" : "remoteSourceControl",
      "location" : "https://github.com/stackotter/swift-java",
      "state" : {
        "revision" : "e04c0ed6af98936ca6300e94be9a19869df418a2",
        "version" : "0.5.1"
      }
    },
    {
      "identity" : "swift-java-jni-core",
      "kind" : "remoteSourceControl",
      "location" : "https://github.com/swiftlang/swift-java-jni-core",
      "state" : {
        "revision" : "b440a0be98381550cf189c903782e817619ffa05",
        "version" : "0.5.1"
      }
    },
    {
      "identity" : "swift-log",
      "kind" : "remoteSourceControl",
      "location" : "https://github.com/apple/swift-log.git",
      "state" : {
        "revision" : "3ffafb9722d5d918c614feb496c8789a3b59d222",
        "version" : "1.15.0"
      }
    },
    {
      "identity" : "swift-macro-toolkit",
      "kind" : "remoteSourceControl",
      "location" : "https://github.com/stackotter/swift-macro-toolkit",
      "state" : {
        "revision" : "d6ed555bb83c9f21a292e9769952e8f52610a6e2",
        "version" : "0.9.0"
      }
    },
    {
      "identity" : "swift-mutex",
      "kind" : "remoteSourceControl",
      "location" : "https://github.com/swhitty/swift-mutex",
      "state" : {
        "revision" : "1770152df756b54c28ef1787df1e957d93cc62d5",
        "version" : "0.0.6"
      }
    },
    {
      "identity" : "swift-subprocess",
      "kind" : "remoteSourceControl",
      "location" : "https://github.com/swiftlang/swift-subprocess.git",
      "state" : {
        "revision" : "11633673a41f509f8945f23c96c7acd4adafd679",
        "version" : "0.5.0"
      }
    },
    {
      "identity" : "swift-syntax",
      "kind" : "remoteSourceControl",
      "location" : "https://github.com/swiftlang/swift-syntax.git",
      "state" : {
        "revision" : "79e4b74a295b6eb74a8b585e3a39d29e70c1dbd1",
        "version" : "603.0.2"
      }
    },
    {
      "identity" : "swift-system",
      "kind" : "remoteSourceControl",
      "location" : "https://github.com/apple/swift-system",
      "state" : {
        "revision" : "869129b7bf4ecc57b97d0193ad29690ca2134750",
        "version" : "1.8.1"
      }
    },
    {
      "identity" : "swift-winui",
      "kind" : "remoteSourceControl",
      "location" : "https://github.com/moreSwift/swift-winui",
      "state" : {
        "revision" : "df7642fbb88e23a9cc1bbd366c7d6d3780fd0251",
        "version" : "0.2.1"
      }
    },
    {
      "identity" : "swiftjavalang",
      "kind" : "remoteSourceControl",
      "location" : "https://github.com/stackotter/SwiftJavaLang.git",
      "state" : {
        "revision" : "000441db9284536a2af611745b82ec7653dca5bc",
        "version" : "0.3.0"
      }
    },
    {
      "identity" : "swiftkotlin",
      "kind" : "remoteSourceControl",
      "location" : "https://github.com/stackotter/SwiftKotlin.git",
      "state" : {
        "revision" : "ad30daacb7e4666e1a56bfdd48498f5ac4ff081d",
        "version" : "0.3.0"
      }
    },
    {
      "identity" : "zlib",
      "kind" : "remoteSourceControl",
      "location" : "https://github.com/the-swift-collective/zlib.git",
      "state" : {
        "revision" : "f1d153b90420f9fcc6ef916cd67ea96f0e68d137",
        "version" : "1.3.2"
      }
    }
  ],
  "version" : 3
}
